{
    "name": "reqwester",
    "version": "1.0.1",
    "lockfileVersion": 1,
    "requires": true,
    "dependencies": {
        "filedirname": {
            "version": "2.7.0",
            "resolved": "https://registry.npmjs.org/filedirname/-/filedirname-2.7.0.tgz",
            "integrity": "sha512-rw4NZ0XCpm4EeBp0NK2b1WUkCm/LSDg6mJR8ywV2JYvIiwe+fimMgwVxjgd94lbmx4rOOmxybeVHsB6SRNeaXQ==",
            "requires": {
                "get-current-line": "^6.5.0"
            }
        },
        "get-current-line": {
            "version": "6.6.0",
            "resolved": "https://registry.npmjs.org/get-current-line/-/get-current-line-6.6.0.tgz",
            "integrity": "sha512-9q/tqdL4+GMb0P28N/oSFruQE/8Sa1l9ew73AWS4j/KEMY32wD8+5QRB8LSTgt9HUZuLplmi8vc5dFFf5OvROA=="
        }
    }
}
